
Microsoft Visual Studio Solution File, Format Version 12.00
# Visual Studio 2013
VisualStudioVersion = 12.0.21005.1
MinimumVisualStudioVersion = 10.0.40219.1
Project("{FAE04EC0-301F-11D3-BF4B-00C04F79EFBC}") = "bbapi", "bbapi\bbapi.csproj", "{ED7466E1-CFE9-41A7-A565-B6ADC4BFDCDC}"
EndProject
Global
	GlobalSection(SolutionConfigurationPlatforms) = preSolution
		Debug|Any CPU = Debug|Any CPU
		Release|Any CPU = Release|Any CPU
	EndGlobalSection
	GlobalSection(ProjectConfigurationPlatforms) = postSolution
		{ED7466E1-CFE9-41A7-A565-B6ADC4BFDCDC}.Debug|Any CPU.ActiveCfg = Debug|Any CPU
		{ED7466E1-CFE9-41A7-A565-B6ADC4BFDCDC}.Debug|Any CPU.Build.0 = Debug|Any CPU
		{ED7466E1-CFE9-41A7-A565-B6ADC4BFDCDC}.Release|Any CPU.ActiveCfg = Release|Any CPU
		{ED7466E1-CFE9-41A7-A565-B6ADC4BFDCDC}.Release|Any CPU.Build.0 = Release|Any CPU
	EndGlobalSection
	GlobalSection(SolutionProperties) = preSolution
		HideSolutionNode = FALSE
	EndGlobalSection
EndGlobal
